
Microsoft Visual Studio Solution File, Format Version 12.00
# Visual Studio Version 16
VisualStudioVersion = 16.0.31205.134
MinimumVisualStudioVersion = 10.0.40219.1
Project("{9A19103F-16F7-4668-BE54-9A1E7A4F7556}") = "Table.Web", "Table\Table.Web.csproj", "{BC753F30-72F2-4A41-9FFE-2A97CA3C5365}"
EndProject
Project("{9A19103F-16F7-4668-BE54-9A1E7A4F7556}") = "Table.Shared", "Table.Shared\Table.Shared.csproj", "{3ACAB15E-206F-4CE1-A1E2-F1136654B0EE}"
EndProject
Global
	GlobalSection(SolutionConfigurationPlatforms) = preSolution
		Debug|Any CPU = Debug|Any CPU
		Release|Any CPU = Release|Any CPU
	EndGlobalSection
	GlobalSection(ProjectConfigurationPlatforms) = postSolution
		{BC753F30-72F2-4A41-9FFE-2A97CA3C5365}.Debug|Any CPU.ActiveCfg = Debug|Any CPU
		{BC753F30-72F2-4A41-9FFE-2A97CA3C5365}.Debug|Any CPU.Build.0 = Debug|Any CPU
		{BC753F30-72F2-4A41-9FFE-2A97CA3C5365}.Release|Any CPU.ActiveCfg = Release|Any CPU
		{BC753F30-72F2-4A41-9FFE-2A97CA3C5365}.Release|Any CPU.Build.0 = Release|Any CPU
		{3ACAB15E-206F-4CE1-A1E2-F1136654B0EE}.Debug|Any CPU.ActiveCfg = Debug|Any CPU
		{3ACAB15E-206F-4CE1-A1E2-F1136654B0EE}.Debug|Any CPU.Build.0 = Debug|Any CPU
		{3ACAB15E-206F-4CE1-A1E2-F1136654B0EE}.Release|Any CPU.ActiveCfg = Release|Any CPU
		{3ACAB15E-206F-4CE1-A1E2-F1136654B0EE}.Release|Any CPU.Build.0 = Release|Any CPU
	EndGlobalSection
	GlobalSection(SolutionProperties) = preSolution
		HideSolutionNode = FALSE
	EndGlobalSection
	GlobalSection(ExtensibilityGlobals) = postSolution
		SolutionGuid = {22A3E3AA-ACAB-41F4-ADA6-8C03293DC8E5}
	EndGlobalSection
EndGlobal
